
Microsoft Visual Studio Solution File, Format Version 12.00
Project("{2150E333-8FDC-42A3-9474-1A3956D46DE8}") = "src", "src", "{A015F600-20EF-4C13-A713-D24A8A0E1F9D}"
EndProject
Project("{FAE04EC0-301F-11D3-BF4B-00C04F79EFBC}") = "Warehouse.Domain", "srsc\Warehouse.Domain\Warehouse.Domain.csproj", "{0831CC65-E42F-4C96-840B-47B98C3FAA13}"
EndProject
Project("{FAE04EC0-301F-11D3-BF4B-00C04F79EFBC}") = "Warehouse.Application", "src\Warehouse.Application\Warehouse.Application.csproj", "{AFF915ED-FC71-4863-A6F1-546D1A57CB07}"
EndProject
Project("{FAE04EC0-301F-11D3-BF4B-00C04F79EFBC}") = "Warehouse.DAL", "src\Warehouse.DAL\Warehouse.DAL.csproj", "{2C097261-1C2F-4A08-A163-DC22AC1575EB}"
EndProject
Project("{FAE04EC0-301F-11D3-BF4B-00C04F79EFBC}") = "Warehouse.API", "src\Warehouse.API\Warehouse.API.csproj", "{4E4FB65F-C2BE-498A-AA63-4775DDFC2D66}"
EndProject
Global
	GlobalSection(SolutionConfigurationPlatforms) = preSolution
		Debug|Any CPU = Debug|Any CPU
		Release|Any CPU = Release|Any CPU
	EndGlobalSection
	GlobalSection(ProjectConfigurationPlatforms) = postSolution
		{0831CC65-E42F-4C96-840B-47B98C3FAA13}.Debug|Any CPU.ActiveCfg = Debug|Any CPU
		{0831CC65-E42F-4C96-840B-47B98C3FAA13}.Debug|Any CPU.Build.0 = Debug|Any CPU
		{0831CC65-E42F-4C96-840B-47B98C3FAA13}.Release|Any CPU.ActiveCfg = Release|Any CPU
		{0831CC65-E42F-4C96-840B-47B98C3FAA13}.Release|Any CPU.Build.0 = Release|Any CPU
		{AFF915ED-FC71-4863-A6F1-546D1A57CB07}.Debug|Any CPU.ActiveCfg = Debug|Any CPU
		{AFF915ED-FC71-4863-A6F1-546D1A57CB07}.Debug|Any CPU.Build.0 = Debug|Any CPU
		{AFF915ED-FC71-4863-A6F1-546D1A57CB07}.Release|Any CPU.ActiveCfg = Release|Any CPU
		{AFF915ED-FC71-4863-A6F1-546D1A57CB07}.Release|Any CPU.Build.0 = Release|Any CPU
		{2C097261-1C2F-4A08-A163-DC22AC1575EB}.Debug|Any CPU.ActiveCfg = Debug|Any CPU
		{2C097261-1C2F-4A08-A163-DC22AC1575EB}.Debug|Any CPU.Build.0 = Debug|Any CPU
		{2C097261-1C2F-4A08-A163-DC22AC1575EB}.Release|Any CPU.ActiveCfg = Release|Any CPU
		{2C097261-1C2F-4A08-A163-DC22AC1575EB}.Release|Any CPU.Build.0 = Release|Any CPU
		{4E4FB65F-C2BE-498A-AA63-4775DDFC2D66}.Debug|Any CPU.ActiveCfg = Debug|Any CPU
		{4E4FB65F-C2BE-498A-AA63-4775DDFC2D66}.Debug|Any CPU.Build.0 = Debug|Any CPU
		{4E4FB65F-C2BE-498A-AA63-4775DDFC2D66}.Release|Any CPU.ActiveCfg = Release|Any CPU
		{4E4FB65F-C2BE-498A-AA63-4775DDFC2D66}.Release|Any CPU.Build.0 = Release|Any CPU
	EndGlobalSection
	GlobalSection(NestedProjects) = preSolution
		{0831CC65-E42F-4C96-840B-47B98C3FAA13} = {A015F600-20EF-4C13-A713-D24A8A0E1F9D}
		{AFF915ED-FC71-4863-A6F1-546D1A57CB07} = {A015F600-20EF-4C13-A713-D24A8A0E1F9D}
		{2C097261-1C2F-4A08-A163-DC22AC1575EB} = {A015F600-20EF-4C13-A713-D24A8A0E1F9D}
		{4E4FB65F-C2BE-498A-AA63-4775DDFC2D66} = {A015F600-20EF-4C13-A713-D24A8A0E1F9D}
	EndGlobalSection
EndGlobal
